
Microsoft Visual Studio Solution File, Format Version 12.00
# Visual Studio 15
VisualStudioVersion = 15.0.28010.2050
MinimumVisualStudioVersion = 10.0.40219.1
Project("{FAE04EC0-301F-11D3-BF4B-00C04F79EFBC}") = "Ex4b", "Ex4b\Ex4b.csproj", "{F26FD60D-BA5C-4D67-AAB8-9947B39CDDCB}"
EndProject
Project("{FAE04EC0-301F-11D3-BF4B-00C04F79EFBC}") = "Ex398", "Ex398\Ex398.csproj", "{7745B61B-F739-4C57-85D8-DADE18AF7066}"
EndProject
Project("{FAE04EC0-301F-11D3-BF4B-00C04F79EFBC}") = "Test2-3i", "Test2-3i\Test2-3i.csproj", "{BA076698-1884-4271-88F1-50C50591C814}"
EndProject
Project("{FAE04EC0-301F-11D3-BF4B-00C04F79EFBC}") = "Task1", "Task1\Task1.csproj", "{D4AB3700-E6EE-4821-BBA7-17C6ECCCB789}"
EndProject
Global
	GlobalSection(SolutionConfigurationPlatforms) = preSolution
		Debug|Any CPU = Debug|Any CPU
		Release|Any CPU = Release|Any CPU
	EndGlobalSection
	GlobalSection(ProjectConfigurationPlatforms) = postSolution
		{F26FD60D-BA5C-4D67-AAB8-9947B39CDDCB}.Debug|Any CPU.ActiveCfg = Debug|Any CPU
		{F26FD60D-BA5C-4D67-AAB8-9947B39CDDCB}.Debug|Any CPU.Build.0 = Debug|Any CPU
		{F26FD60D-BA5C-4D67-AAB8-9947B39CDDCB}.Release|Any CPU.ActiveCfg = Release|Any CPU
		{F26FD60D-BA5C-4D67-AAB8-9947B39CDDCB}.Release|Any CPU.Build.0 = Release|Any CPU
		{7745B61B-F739-4C57-85D8-DADE18AF7066}.Debug|Any CPU.ActiveCfg = Debug|Any CPU
		{7745B61B-F739-4C57-85D8-DADE18AF7066}.Debug|Any CPU.Build.0 = Debug|Any CPU
		{7745B61B-F739-4C57-85D8-DADE18AF7066}.Release|Any CPU.ActiveCfg = Release|Any CPU
		{7745B61B-F739-4C57-85D8-DADE18AF7066}.Release|Any CPU.Build.0 = Release|Any CPU
		{BA076698-1884-4271-88F1-50C50591C814}.Debug|Any CPU.ActiveCfg = Debug|Any CPU
		{BA076698-1884-4271-88F1-50C50591C814}.Debug|Any CPU.Build.0 = Debug|Any CPU
		{BA076698-1884-4271-88F1-50C50591C814}.Release|Any CPU.ActiveCfg = Release|Any CPU
		{BA076698-1884-4271-88F1-50C50591C814}.Release|Any CPU.Build.0 = Release|Any CPU
		{D4AB3700-E6EE-4821-BBA7-17C6ECCCB789}.Debug|Any CPU.ActiveCfg = Debug|Any CPU
		{D4AB3700-E6EE-4821-BBA7-17C6ECCCB789}.Debug|Any CPU.Build.0 = Debug|Any CPU
		{D4AB3700-E6EE-4821-BBA7-17C6ECCCB789}.Release|Any CPU.ActiveCfg = Release|Any CPU
		{D4AB3700-E6EE-4821-BBA7-17C6ECCCB789}.Release|Any CPU.Build.0 = Release|Any CPU
	EndGlobalSection
	GlobalSection(SolutionProperties) = preSolution
		HideSolutionNode = FALSE
	EndGlobalSection
	GlobalSection(ExtensibilityGlobals) = postSolution
		SolutionGuid = {B04C7881-721B-4D42-8D75-41E0D53A1F22}
	EndGlobalSection
EndGlobal
